
Microsoft Visual Studio Solution File, Format Version 12.00
# Visual Studio Version 17
VisualStudioVersion = 17.6.33829.357
MinimumVisualStudioVersion = 10.0.40219.1
Project("{FAE04EC0-301F-11D3-BF4B-00C04F79EFBC}") = "ComplaintPortal", "ComplaintPortal\ComplaintPortal.csproj", "{1E23B325-FD27-4DFB-8E80-BB88780DCD85}"
EndProject
Global
	GlobalSection(SolutionConfigurationPlatforms) = preSolution
		Debug|Any CPU = Debug|Any CPU
		Release|Any CPU = Release|Any CPU
	EndGlobalSection
	GlobalSection(ProjectConfigurationPlatforms) = postSolution
		{1E23B325-FD27-4DFB-8E80-BB88780DCD85}.Debug|Any CPU.ActiveCfg = Debug|Any CPU
		{1E23B325-FD27-4DFB-8E80-BB88780DCD85}.Debug|Any CPU.Build.0 = Debug|Any CPU
		{1E23B325-FD27-4DFB-8E80-BB88780DCD85}.Release|Any CPU.ActiveCfg = Release|Any CPU
		{1E23B325-FD27-4DFB-8E80-BB88780DCD85}.Release|Any CPU.Build.0 = Release|Any CPU
	EndGlobalSection
	GlobalSection(SolutionProperties) = preSolution
		HideSolutionNode = FALSE
	EndGlobalSection
	GlobalSection(ExtensibilityGlobals) = postSolution
		SolutionGuid = {2D174659-409F-4FFA-9EB9-48C88C468F19}
	EndGlobalSection
EndGlobal
